lockfileVersion: '9.0'

settings:
  autoInstallPeers: true
  excludeLinksFromLockfile: false

importers:

  .:
    devDependencies:
      '@fontsource-variable/inter-tight':
        specifier: 5.1.0
        version: 5.1.0
      '@fontsource/dm-mono':
        specifier: 5.1.0
        version: 5.1.0

packages:

  '@fontsource-variable/inter-tight@5.1.0':
    resolution: {integrity: sha512-yUSW6LxZmHtbOvyWcQE73q/GbXp19WeVVF3HlKgRXIYjWjOzkR30N73myM/sDWqG4YyflYz/TRVJrzXOMSozag==}

  '@fontsource/dm-mono@5.1.0':
    resolution: {integrity: sha512-cfowZUJJDHjgVFOEQmIn2KHtQ8LDXnTGgTTunUImzzg3Xf6V92MlYR/pmkqIt7lXq7lfP/pQZ9ph/9JeLDRsCQ==}

snapshots:

  '@fontsource-variable/inter-tight@5.1.0': {}

  '@fontsource/dm-mono@5.1.0': {}
