lockfileVersion: '9.0'

settings:
  autoInstallPeers: true
  excludeLinksFromLockfile: false

importers:

  .:
    devDependencies:
      '@fontsource-variable/inter-tight':
        specifier: 5.2.7
        version: 5.2.7
      '@fontsource/dm-mono':
        specifier: 5.2.7
        version: 5.2.7

packages:

  '@fontsource-variable/inter-tight@5.2.7':
    resolution: {integrity: sha512-uU0qW9vlzVQQv8GVrhn8SlNl2A44C0CE9IC6N9P0D9mwhmJcg8UF/fxvmdRayDPlMAnYqxlXtYENDIeZyVvxkg==}

  '@fontsource/dm-mono@5.2.7':
    resolution: {integrity: sha512-Ma1az2atTVgQWuOWwjuxx26p/6A6CU9HBNKq1CFV6YKpKhpswnf9ry9Ql4+T6bTZzkdtSfS6tjJvqZOljVzIFQ==}

snapshots:

  '@fontsource-variable/inter-tight@5.2.7': {}

  '@fontsource/dm-mono@5.2.7': {}
